
Microsoft Visual Studio Solution File, Format Version 12.00
# Visual Studio Version 17
VisualStudioVersion = 17.9.34728.123
MinimumVisualStudioVersion = 10.0.40219.1
Project("{FAE04EC0-301F-11D3-BF4B-00C04F79EFBC}") = "lesson06", "lesson06\lesson06.csproj", "{7209741C-4B8C-416E-9F37-CEEE11255AC9}"
EndProject
Global
	GlobalSection(SolutionConfigurationPlatforms) = preSolution
		Debug|Any CPU = Debug|Any CPU
		Release|Any CPU = Release|Any CPU
	EndGlobalSection
	GlobalSection(ProjectConfigurationPlatforms) = postSolution
		{7209741C-4B8C-416E-9F37-CEEE11255AC9}.Debug|Any CPU.ActiveCfg = Debug|Any CPU
		{7209741C-4B8C-416E-9F37-CEEE11255AC9}.Debug|Any CPU.Build.0 = Debug|Any CPU
		{7209741C-4B8C-416E-9F37-CEEE11255AC9}.Release|Any CPU.ActiveCfg = Release|Any CPU
		{7209741C-4B8C-416E-9F37-CEEE11255AC9}.Release|Any CPU.Build.0 = Release|Any CPU
	EndGlobalSection
	GlobalSection(SolutionProperties) = preSolution
		HideSolutionNode = FALSE
	EndGlobalSection
	GlobalSection(ExtensibilityGlobals) = postSolution
		SolutionGuid = {2E77B612-52DF-431E-9781-836518166BAE}
	EndGlobalSection
EndGlobal
